{
  "name": "UsedCar",
  "lockfileVersion": 2,
  "requires": true,
  "packages": {
    "": {
      "dependencies": {
        "@dcloudio/uni-ui": "^1.4.12",
        "uni-read-pages": "^1.0.5",
        "uni-simple-router": "^2.0.8-beta.3"
      }
    },
    "node_modules/@dcloudio/uni-ui": {
      "version": "1.4.12",
      "resolved": "https://registry.npmjs.org/@dcloudio/uni-ui/-/uni-ui-1.4.12.tgz",
      "integrity": "sha512-sGVHU8Fz/L6NtrsClw8d38SPI16oCgBBQ7fYBVTV1hgS8brFVL56ti9tbY/Qx5qw6+ZPzAzb9lfiG6Tqi4kIJw=="
    },
    "node_modules/uni-read-pages": {
      "version": "1.0.5",
      "resolved": "https://registry.npmjs.org/uni-read-pages/-/uni-read-pages-1.0.5.tgz",
      "integrity": "sha512-GkrrZ0LX0vn9R5k6RKEi0Ez3Q3e2vUpjXQ8Z6/K/d28KudI9ajqgt8WEjQFlG5EPm1K6uTArN8LlqmZTEixDUA==",
      "hasInstallScript": true
    },
    "node_modules/uni-simple-router": {
      "version": "2.0.8-beta.3",
      "resolved": "https://registry.npmjs.org/uni-simple-router/-/uni-simple-router-2.0.8-beta.3.tgz",
      "integrity": "sha512-Aiw9O7TzATZ0BH9e6p0hJsVy8K1lYjf3P9QMmskNqJaOh9jltCaurrw/dJZ7xUMGVu/K3XP1MxOotBAUjsiUZg=="
    }
  },
  "dependencies": {
    "@dcloudio/uni-ui": {
      "version": "1.4.12",
      "resolved": "https://registry.npmjs.org/@dcloudio/uni-ui/-/uni-ui-1.4.12.tgz",
      "integrity": "sha512-sGVHU8Fz/L6NtrsClw8d38SPI16oCgBBQ7fYBVTV1hgS8brFVL56ti9tbY/Qx5qw6+ZPzAzb9lfiG6Tqi4kIJw=="
    },
    "uni-read-pages": {
      "version": "1.0.5",
      "resolved": "https://registry.npmjs.org/uni-read-pages/-/uni-read-pages-1.0.5.tgz",
      "integrity": "sha512-GkrrZ0LX0vn9R5k6RKEi0Ez3Q3e2vUpjXQ8Z6/K/d28KudI9ajqgt8WEjQFlG5EPm1K6uTArN8LlqmZTEixDUA=="
    },
    "uni-simple-router": {
      "version": "2.0.8-beta.3",
      "resolved": "https://registry.npmjs.org/uni-simple-router/-/uni-simple-router-2.0.8-beta.3.tgz",
      "integrity": "sha512-Aiw9O7TzATZ0BH9e6p0hJsVy8K1lYjf3P9QMmskNqJaOh9jltCaurrw/dJZ7xUMGVu/K3XP1MxOotBAUjsiUZg=="
    }
  }
}
